// !$*UTF8*$!
{
	archiveVersion = 1;
	classes = {
	};
	objectVersion = 55;
	objects = {

/* Begin PBXBuildFile section */
		4760BF872818585E00AEB3EC /* HomeNews.swift in Sources */ = {isa = PBXBuildFile; fileRef = 4760BF862818585E00AEB3EC /* HomeNews.swift */; };
		4760BF892818587900AEB3EC /* HomeController.swift in Sources */ = {isa = PBXBuildFile; fileRef = 4760BF882818587900AEB3EC /* HomeController.swift */; };
		4760BF8B2818588100AEB3EC /* HomeViewModel.swift in Sources */ = {isa = PBXBuildFile; fileRef = 4760BF8A2818588100AEB3EC /* HomeViewModel.swift */; };
		4760BF8F28185A1E00AEB3EC /* CoreRequest.swift in Sources */ = {isa = PBXBuildFile; fileRef = 4760BF8E28185A1E00AEB3EC /* CoreRequest.swift */; };
		47ED6125282144FD0030A8BB /* NewHeader.xib in Resources */ = {isa = PBXBuildFile; fileRef = 47ED6124282144FD0030A8BB /* NewHeader.xib */; };
		521FD16E282BAF940008C23F /* DownloadTableViewCell.swift in Sources */ = {isa = PBXBuildFile; fileRef = 521FD16D282BAF940008C23F /* DownloadTableViewCell.swift */; };
		521FD170282BB4BB0008C23F /* DownloadViewModel.swift in Sources */ = {isa = PBXBuildFile; fileRef = 521FD16F282BB4BB0008C23F /* DownloadViewModel.swift */; };
		523063CD282A965A00C93C79 /* FlashNewsModel.xcdatamodeld in Sources */ = {isa = PBXBuildFile; fileRef = 523063CB282A965A00C93C79 /* FlashNewsModel.xcdatamodeld */; };
		523063CF282AE9D700C93C79 /* CoreData.swift in Sources */ = {isa = PBXBuildFile; fileRef = 523063CE282AE9D700C93C79 /* CoreData.swift */; };
		524D06A428242CD000386832 /* CategoryViewController.swift in Sources */ = {isa = PBXBuildFile; fileRef = 524D06A328242CD000386832 /* CategoryViewController.swift */; };
		524D06A7282431B700386832 /* CollectionViewCell.swift in Sources */ = {isa = PBXBuildFile; fileRef = 524D06A6282431B700386832 /* CollectionViewCell.swift */; };
		524DB9E4281C2534006FD076 /* NewsHeader.swift in Sources */ = {isa = PBXBuildFile; fileRef = 524DB9E3281C2534006FD076 /* NewsHeader.swift */; };
		5264D37F28256CEA001BAF45 /* CategoriesViewModel.swift in Sources */ = {isa = PBXBuildFile; fileRef = 5264D37E28256CEA001BAF45 /* CategoriesViewModel.swift */; };
		5264D38128258430001BAF45 /* CategoriesTableViewCell.swift in Sources */ = {isa = PBXBuildFile; fileRef = 5264D38028258430001BAF45 /* CategoriesTableViewCell.swift */; };
		5277874728181B86004B7F0F /* AppDelegate.swift in Sources */ = {isa = PBXBuildFile; fileRef = 5277874628181B86004B7F0F /* AppDelegate.swift */; };
		5277874928181B86004B7F0F /* SceneDelegate.swift in Sources */ = {isa = PBXBuildFile; fileRef = 5277874828181B86004B7F0F /* SceneDelegate.swift */; };
		5277874E28181B86004B7F0F /* Main.storyboard in Resources */ = {isa = PBXBuildFile; fileRef = 5277874C28181B86004B7F0F /* Main.storyboard */; };
		5277875028181B8A004B7F0F /* Assets.xcassets in Resources */ = {isa = PBXBuildFile; fileRef = 5277874F28181B8A004B7F0F /* Assets.xcassets */; };
		5277875328181B8A004B7F0F /* LaunchScreen.storyboard in Resources */ = {isa = PBXBuildFile; fileRef = 5277875128181B8A004B7F0F /* LaunchScreen.storyboard */; };
		5288C0F7281D193D007809E5 /* ResultNewsController.swift in Sources */ = {isa = PBXBuildFile; fileRef = 5288C0F6281D193D007809E5 /* ResultNewsController.swift */; };
		5288C102281D5671007809E5 /* SearchResultViewController.swift in Sources */ = {isa = PBXBuildFile; fileRef = 5288C101281D5671007809E5 /* SearchResultViewController.swift */; };
		52C8B2A9281ADB6D000C193B /* HomeTableViewCell.swift in Sources */ = {isa = PBXBuildFile; fileRef = 52C8B2A8281ADB6D000C193B /* HomeTableViewCell.swift */; };
		52CBA7CE282A8C340054A1BB /* DownloadViewController.swift in Sources */ = {isa = PBXBuildFile; fileRef = 52CBA7CD282A8C340054A1BB /* DownloadViewController.swift */; };
		52EAC1E92823B5F700C13659 /* SearchTableViewCell.swift in Sources */ = {isa = PBXBuildFile; fileRef = 52EAC1E82823B5F700C13659 /* SearchTableViewCell.swift */; };
		E79928FA00CF069A3E537EDD /* Pods_FlashNews.framework in Frameworks */ = {isa = PBXBuildFile; fileRef = B8A3613B27F0B69EB910E2F6 /* Pods_FlashNews.framework */; };
/* End PBXBuildFile section */

/* Begin PBXFileReference section */
		365A04A705B06AABDD5E05EA /* Pods-FlashNews.debug.xcconfig */ = {isa = PBXFileReference; includeInIndex = 1; lastKnownFileType = text.xcconfig; name = "Pods-FlashNews.debug.xcconfig"; path = "Target Support Files/Pods-FlashNews/Pods-FlashNews.debug.xcconfig"; sourceTree = "<group>"; };
		4760BF862818585E00AEB3EC /* HomeNews.swift */ = {isa = PBXFileReference; lastKnownFileType = sourcecode.swift; path = HomeNews.swift; sourceTree = "<group>"; };
		4760BF882818587900AEB3EC /* HomeController.swift */ = {isa = PBXFileReference; lastKnownFileType = sourcecode.swift; path = HomeController.swift; sourceTree = "<group>"; };
		4760BF8A2818588100AEB3EC /* HomeViewModel.swift */ = {isa = PBXFileReference; lastKnownFileType = sourcecode.swift; path = HomeViewModel.swift; sourceTree = "<group>"; };
		4760BF8E28185A1E00AEB3EC /* CoreRequest.swift */ = {isa = PBXFileReference; lastKnownFileType = sourcecode.swift; path = CoreRequest.swift; sourceTree = "<group>"; };
		47ED6124282144FD0030A8BB /* NewHeader.xib */ = {isa = PBXFileReference; lastKnownFileType = file.xib; path = NewHeader.xib; sourceTree = "<group>"; };
		521FD16D282BAF940008C23F /* DownloadTableViewCell.swift */ = {isa = PBXFileReference; lastKnownFileType = sourcecode.swift; path = DownloadTableViewCell.swift; sourceTree = "<group>"; };
		521FD16F282BB4BB0008C23F /* DownloadViewModel.swift */ = {isa = PBXFileReference; lastKnownFileType = sourcecode.swift; path = DownloadViewModel.swift; sourceTree = "<group>"; };
		523063CC282A965A00C93C79 /* FlashNewsModel.xcdatamodel */ = {isa = PBXFileReference; lastKnownFileType = wrapper.xcdatamodel; path = FlashNewsModel.xcdatamodel; sourceTree = "<group>"; };
		523063CE282AE9D700C93C79 /* CoreData.swift */ = {isa = PBXFileReference; lastKnownFileType = sourcecode.swift; path = CoreData.swift; sourceTree = "<group>"; };
		524D06A328242CD000386832 /* CategoryViewController.swift */ = {isa = PBXFileReference; lastKnownFileType = sourcecode.swift; path = CategoryViewController.swift; sourceTree = "<group>"; };
		524D06A6282431B700386832 /* CollectionViewCell.swift */ = {isa = PBXFileReference; lastKnownFileType = sourcecode.swift; path = CollectionViewCell.swift; sourceTree = "<group>"; };
		524DB9E3281C2534006FD076 /* NewsHeader.swift */ = {isa = PBXFileReference; lastKnownFileType = sourcecode.swift; path = NewsHeader.swift; sourceTree = "<group>"; };
		5264D37E28256CEA001BAF45 /* CategoriesViewModel.swift */ = {isa = PBXFileReference; lastKnownFileType = sourcecode.swift; path = CategoriesViewModel.swift; sourceTree = "<group>"; };
		5264D38028258430001BAF45 /* CategoriesTableViewCell.swift */ = {isa = PBXFileReference; lastKnownFileType = sourcecode.swift; path = CategoriesTableViewCell.swift; sourceTree = "<group>"; };
		5277874328181B86004B7F0F /* FlashNews.app */ = {isa = PBXFileReference; explicitFileType = wrapper.application; includeInIndex = 0; path = FlashNews.app; sourceTree = BUILT_PRODUCTS_DIR; };
		5277874628181B86004B7F0F /* AppDelegate.swift */ = {isa = PBXFileReference; lastKnownFileType = sourcecode.swift; path = AppDelegate.swift; sourceTree = "<group>"; };
		5277874828181B86004B7F0F /* SceneDelegate.swift */ = {isa = PBXFileReference; lastKnownFileType = sourcecode.swift; path = SceneDelegate.swift; sourceTree = "<group>"; };
		5277874D28181B86004B7F0F /* Base */ = {isa = PBXFileReference; lastKnownFileType = file.storyboard; name = Base; path = Base.lproj/Main.storyboard; sourceTree = "<group>"; };
		5277874F28181B8A004B7F0F /* Assets.xcassets */ = {isa = PBXFileReference; lastKnownFileType = folder.assetcatalog; path = Assets.xcassets; sourceTree = "<group>"; };
		5277875228181B8A004B7F0F /* Base */ = {isa = PBXFileReference; lastKnownFileType = file.storyboard; name = Base; path = Base.lproj/LaunchScreen.storyboard; sourceTree = "<group>"; };
		5277875428181B8A004B7F0F /* Info.plist */ = {isa = PBXFileReference; lastKnownFileType = text.plist.xml; path = Info.plist; sourceTree = "<group>"; };
		5288C0F6281D193D007809E5 /* ResultNewsController.swift */ = {isa = PBXFileReference; lastKnownFileType = sourcecode.swift; path = ResultNewsController.swift; sourceTree = "<group>"; };
		5288C101281D5671007809E5 /* SearchResultViewController.swift */ = {isa = PBXFileReference; lastKnownFileType = sourcecode.swift; path = SearchResultViewController.swift; sourceTree = "<group>"; };
		52C8B2A8281ADB6D000C193B /* HomeTableViewCell.swift */ = {isa = PBXFileReference; lastKnownFileType = sourcecode.swift; path = HomeTableViewCell.swift; sourceTree = "<group>"; };
		52CBA7CD282A8C340054A1BB /* DownloadViewController.swift */ = {isa = PBXFileReference; lastKnownFileType = sourcecode.swift; path = DownloadViewController.swift; sourceTree = "<group>"; };
		52EAC1E82823B5F700C13659 /* SearchTableViewCell.swift */ = {isa = PBXFileReference; lastKnownFileType = sourcecode.swift; path = SearchTableViewCell.swift; sourceTree = "<group>"; };
		B8A3613B27F0B69EB910E2F6 /* Pods_FlashNews.framework */ = {isa = PBXFileReference; explicitFileType = wrapper.framework; includeInIndex = 0; path = Pods_FlashNews.framework; sourceTree = BUILT_PRODUCTS_DIR; };
		F38067A60B1D80E8D04B8EBF /* Pods-FlashNews.release.xcconfig */ = {isa = PBXFileReference; includeInIndex = 1; lastKnownFileType = text.xcconfig; name = "Pods-FlashNews.release.xcconfig"; path = "Target Support Files/Pods-FlashNews/Pods-FlashNews.release.xcconfig"; sourceTree = "<group>"; };
/* End PBXFileReference section */

/* Begin PBXFrameworksBuildPhase section */
		5277874028181B86004B7F0F /* Frameworks */ = {
			isa = PBXFrameworksBuildPhase;
			buildActionMask = 2147483647;
			files = (
				E79928FA00CF069A3E537EDD /* Pods_FlashNews.framework in Frameworks */,
			);
			runOnlyForDeploymentPostprocessing = 0;
		};
/* End PBXFrameworksBuildPhase section */

/* Begin PBXGroup section */
		4760BF81281857FD00AEB3EC /* Scene */ = {
			isa = PBXGroup;
			children = (
				4760BF822818582300AEB3EC /* Home */,
				52D00669282416F4005FDC1B /* Categories */,
				52CBA7CB282A8B920054A1BB /* Downloads */,
			);
			path = Scene;
			sourceTree = "<group>";
		};
		4760BF822818582300AEB3EC /* Home */ = {
			isa = PBXGroup;
			children = (
				52C8B2A7281ADB57000C193B /* Cell */,
				4760BF852818585400AEB3EC /* Model */,
				4760BF842818584000AEB3EC /* View */,
				4760BF832818582C00AEB3EC /* ViewModel */,
			);
			path = Home;
			sourceTree = "<group>";
		};
		4760BF832818582C00AEB3EC /* ViewModel */ = {
			isa = PBXGroup;
			children = (
				4760BF8A2818588100AEB3EC /* HomeViewModel.swift */,
			);
			path = ViewModel;
			sourceTree = "<group>";
		};
		4760BF842818584000AEB3EC /* View */ = {
			isa = PBXGroup;
			children = (
				4760BF882818587900AEB3EC /* HomeController.swift */,
				5288C101281D5671007809E5 /* SearchResultViewController.swift */,
				5288C0F6281D193D007809E5 /* ResultNewsController.swift */,
			);
			path = View;
			sourceTree = "<group>";
		};
		4760BF852818585400AEB3EC /* Model */ = {
			isa = PBXGroup;
			children = (
				4760BF862818585E00AEB3EC /* HomeNews.swift */,
			);
			path = Model;
			sourceTree = "<group>";
		};
		4760BF8D281859EB00AEB3EC /* Networking */ = {
			isa = PBXGroup;
			children = (
				4760BF8E28185A1E00AEB3EC /* CoreRequest.swift */,
				523063CE282AE9D700C93C79 /* CoreData.swift */,
			);
			path = Networking;
			sourceTree = "<group>";
		};
		521FD171282BB52A0008C23F /* ViewModel */ = {
			isa = PBXGroup;
			children = (
				521FD16F282BB4BB0008C23F /* DownloadViewModel.swift */,
			);
			path = ViewModel;
			sourceTree = "<group>";
		};
		524D06A52824318500386832 /* Cells */ = {
			isa = PBXGroup;
			children = (
				524D06A6282431B700386832 /* CollectionViewCell.swift */,
				5264D38028258430001BAF45 /* CategoriesTableViewCell.swift */,
			);
			path = Cells;
			sourceTree = "<group>";
		};
		5264D37D28256CB9001BAF45 /* ViewModel */ = {
			isa = PBXGroup;
			children = (
				5264D37E28256CEA001BAF45 /* CategoriesViewModel.swift */,
			);
			path = ViewModel;
			sourceTree = "<group>";
		};
		5277873A28181B86004B7F0F = {
			isa = PBXGroup;
			children = (
				5277874528181B86004B7F0F /* FlashNews */,
				5277874428181B86004B7F0F /* Products */,
				D87271554E03D8023C6720A0 /* Pods */,
				8F4673A30E24F6F180189C4E /* Frameworks */,
			);
			sourceTree = "<group>";
		};
		5277874428181B86004B7F0F /* Products */ = {
			isa = PBXGroup;
			children = (
				5277874328181B86004B7F0F /* FlashNews.app */,
			);
			name = Products;
			sourceTree = "<group>";
		};
		5277874528181B86004B7F0F /* FlashNews */ = {
			isa = PBXGroup;
			children = (
				5277874628181B86004B7F0F /* AppDelegate.swift */,
				5277874828181B86004B7F0F /* SceneDelegate.swift */,
				4760BF8D281859EB00AEB3EC /* Networking */,
				4760BF81281857FD00AEB3EC /* Scene */,
				5277874F28181B8A004B7F0F /* Assets.xcassets */,
				5277874C28181B86004B7F0F /* Main.storyboard */,
				5277875128181B8A004B7F0F /* LaunchScreen.storyboard */,
				5277875428181B8A004B7F0F /* Info.plist */,
				523063CB282A965A00C93C79 /* FlashNewsModel.xcdatamodeld */,
			);
			path = FlashNews;
			sourceTree = "<group>";
		};
		52C8B2A7281ADB57000C193B /* Cell */ = {
			isa = PBXGroup;
			children = (
				52C8B2A8281ADB6D000C193B /* HomeTableViewCell.swift */,
				52EAC1E82823B5F700C13659 /* SearchTableViewCell.swift */,
				524DB9E3281C2534006FD076 /* NewsHeader.swift */,
				47ED6124282144FD0030A8BB /* NewHeader.xib */,
			);
			path = Cell;
			sourceTree = "<group>";
		};
		52CBA7CB282A8B920054A1BB /* Downloads */ = {
			isa = PBXGroup;
			children = (
				521FD171282BB52A0008C23F /* ViewModel */,
				52E5B850282A925B002E381E /* Cell */,
				52CBA7CC282A8BD70054A1BB /* view */,
			);
			path = Downloads;
			sourceTree = "<group>";
		};
		52CBA7CC282A8BD70054A1BB /* view */ = {
			isa = PBXGroup;
			children = (
				52CBA7CD282A8C340054A1BB /* DownloadViewController.swift */,
			);
			path = view;
			sourceTree = "<group>";
		};
		52D00669282416F4005FDC1B /* Categories */ = {
			isa = PBXGroup;
			children = (
				5264D37D28256CB9001BAF45 /* ViewModel */,
				524D06A52824318500386832 /* Cells */,
				52D0066A28241751005FDC1B /* View */,
			);
			path = Categories;
			sourceTree = "<group>";
		};
		52D0066A28241751005FDC1B /* View */ = {
			isa = PBXGroup;
			children = (
				524D06A328242CD000386832 /* CategoryViewController.swift */,
			);
			path = View;
			sourceTree = "<group>";
		};
		52E5B850282A925B002E381E /* Cell */ = {
			isa = PBXGroup;
			children = (
				521FD16D282BAF940008C23F /* DownloadTableViewCell.swift */,
			);
			path = Cell;
			sourceTree = "<group>";
		};
		8F4673A30E24F6F180189C4E /* Frameworks */ = {
			isa = PBXGroup;
			children = (
				B8A3613B27F0B69EB910E2F6 /* Pods_FlashNews.framework */,
			);
			name = Frameworks;
			sourceTree = "<group>";
		};
		D87271554E03D8023C6720A0 /* Pods */ = {
			isa = PBXGroup;
			children = (
				365A04A705B06AABDD5E05EA /* Pods-FlashNews.debug.xcconfig */,
				F38067A60B1D80E8D04B8EBF /* Pods-FlashNews.release.xcconfig */,
			);
			path = Pods;
			sourceTree = "<group>";
		};
/* End PBXGroup section */

/* Begin PBXNativeTarget section */
		5277874228181B86004B7F0F /* FlashNews */ = {
			isa = PBXNativeTarget;
			buildConfigurationList = 5277875728181B8A004B7F0F /* Build configuration list for PBXNativeTarget "FlashNews" */;
			buildPhases = (
				9C1EE511DC2845837B9BADEA /* [CP] Check Pods Manifest.lock */,
				5277873F28181B86004B7F0F /* Sources */,
				5277874028181B86004B7F0F /* Frameworks */,
				5277874128181B86004B7F0F /* Resources */,
				689601FF58C38BC19C6096C2 /* [CP] Embed Pods Frameworks */,
			);
			buildRules = (
			);
			dependencies = (
			);
			name = FlashNews;
			productName = FlashNews;
			productReference = 5277874328181B86004B7F0F /* FlashNews.app */;
			productType = "com.apple.product-type.application";
		};
/* End PBXNativeTarget section */

/* Begin PBXProject section */
		5277873B28181B86004B7F0F /* Project object */ = {
			isa = PBXProject;
			attributes = {
				BuildIndependentTargetsInParallel = 1;
				LastSwiftUpdateCheck = 1320;
				LastUpgradeCheck = 1320;
				TargetAttributes = {
					5277874228181B86004B7F0F = {
						CreatedOnToolsVersion = 13.2.1;
					};
				};
			};
			buildConfigurationList = 5277873E28181B86004B7F0F /* Build configuration list for PBXProject "FlashNews" */;
			compatibilityVersion = "Xcode 13.0";
			developmentRegion = en;
			hasScannedForEncodings = 0;
			knownRegions = (
				en,
				Base,
			);
			mainGroup = 5277873A28181B86004B7F0F;
			productRefGroup = 5277874428181B86004B7F0F /* Products */;
			projectDirPath = "";
			projectRoot = "";
			targets = (
				5277874228181B86004B7F0F /* FlashNews */,
			);
		};
/* End PBXProject section */

/* Begin PBXResourcesBuildPhase section */
		5277874128181B86004B7F0F /* Resources */ = {
			isa = PBXResourcesBuildPhase;
			buildActionMask = 2147483647;
			files = (
				5277875328181B8A004B7F0F /* LaunchScreen.storyboard in Resources */,
				47ED6125282144FD0030A8BB /* NewHeader.xib in Resources */,
				5277875028181B8A004B7F0F /* Assets.xcassets in Resources */,
				5277874E28181B86004B7F0F /* Main.storyboard in Resources */,
			);
			runOnlyForDeploymentPostprocessing = 0;
		};
/* End PBXResourcesBuildPhase section */

/* Begin PBXShellScriptBuildPhase section */
		689601FF58C38BC19C6096C2 /* [CP] Embed Pods Frameworks */ = {
			isa = PBXShellScriptBuildPhase;
			buildActionMask = 2147483647;
			files = (
			);
			inputFileListPaths = (
				"${PODS_ROOT}/Target Support Files/Pods-FlashNews/Pods-FlashNews-frameworks-${CONFIGURATION}-input-files.xcfilelist",
			);
			name = "[CP] Embed Pods Frameworks";
			outputFileListPaths = (
				"${PODS_ROOT}/Target Support Files/Pods-FlashNews/Pods-FlashNews-frameworks-${CONFIGURATION}-output-files.xcfilelist",
			);
			runOnlyForDeploymentPostprocessing = 0;
			shellPath = /bin/sh;
			shellScript = "\"${PODS_ROOT}/Target Support Files/Pods-FlashNews/Pods-FlashNews-frameworks.sh\"\n";
			showEnvVarsInLog = 0;
		};
		9C1EE511DC2845837B9BADEA /* [CP] Check Pods Manifest.lock */ = {
			isa = PBXShellScriptBuildPhase;
			buildActionMask = 2147483647;
			files = (
			);
			inputFileListPaths = (
			);
			inputPaths = (
				"${PODS_PODFILE_DIR_PATH}/Podfile.lock",
				"${PODS_ROOT}/Manifest.lock",
			);
			name = "[CP] Check Pods Manifest.lock";
			outputFileListPaths = (
			);
			outputPaths = (
				"$(DERIVED_FILE_DIR)/Pods-FlashNews-checkManifestLockResult.txt",
			);
			runOnlyForDeploymentPostprocessing = 0;
			shellPath = /bin/sh;
			shellScript = "diff \"${PODS_PODFILE_DIR_PATH}/Podfile.lock\" \"${PODS_ROOT}/Manifest.lock\" > /dev/null\nif [ $? != 0 ] ; then\n    # print error to STDERR\n    echo \"error: The sandbox is not in sync with the Podfile.lock. Run 'pod install' or update your CocoaPods installation.\" >&2\n    exit 1\nfi\n# This output is used by Xcode 'outputs' to avoid re-running this script phase.\necho \"SUCCESS\" > \"${SCRIPT_OUTPUT_FILE_0}\"\n";
			showEnvVarsInLog = 0;
		};
/* End PBXShellScriptBuildPhase section */

/* Begin PBXSourcesBuildPhase section */
		5277873F28181B86004B7F0F /* Sources */ = {
			isa = PBXSourcesBuildPhase;
			buildActionMask = 2147483647;
			files = (
				4760BF872818585E00AEB3EC /* HomeNews.swift in Sources */,
				5288C0F7281D193D007809E5 /* ResultNewsController.swift in Sources */,
				524DB9E4281C2534006FD076 /* NewsHeader.swift in Sources */,
				4760BF8B2818588100AEB3EC /* HomeViewModel.swift in Sources */,
				523063CF282AE9D700C93C79 /* CoreData.swift in Sources */,
				524D06A428242CD000386832 /* CategoryViewController.swift in Sources */,
				52EAC1E92823B5F700C13659 /* SearchTableViewCell.swift in Sources */,
				5264D37F28256CEA001BAF45 /* CategoriesViewModel.swift in Sources */,
				52C8B2A9281ADB6D000C193B /* HomeTableViewCell.swift in Sources */,
				4760BF8F28185A1E00AEB3EC /* CoreRequest.swift in Sources */,
				521FD16E282BAF940008C23F /* DownloadTableViewCell.swift in Sources */,
				524D06A7282431B700386832 /* CollectionViewCell.swift in Sources */,
				5277874728181B86004B7F0F /* AppDelegate.swift in Sources */,
				5288C102281D5671007809E5 /* SearchResultViewController.swift in Sources */,
				523063CD282A965A00C93C79 /* FlashNewsModel.xcdatamodeld in Sources */,
				5277874928181B86004B7F0F /* SceneDelegate.swift in Sources */,
				4760BF892818587900AEB3EC /* HomeController.swift in Sources */,
				52CBA7CE282A8C340054A1BB /* DownloadViewController.swift in Sources */,
				521FD170282BB4BB0008C23F /* DownloadViewModel.swift in Sources */,
				5264D38128258430001BAF45 /* CategoriesTableViewCell.swift in Sources */,
			);
			runOnlyForDeploymentPostprocessing = 0;
		};
/* End PBXSourcesBuildPhase section */

/* Begin PBXVariantGroup section */
		5277874C28181B86004B7F0F /* Main.storyboard */ = {
			isa = PBXVariantGroup;
			children = (
				5277874D28181B86004B7F0F /* Base */,
			);
			name = Main.storyboard;
			sourceTree = "<group>";
		};
		5277875128181B8A004B7F0F /* LaunchScreen.storyboard */ = {
			isa = PBXVariantGroup;
			children = (
				5277875228181B8A004B7F0F /* Base */,
			);
			name = LaunchScreen.storyboard;
			sourceTree = "<group>";
		};
/* End PBXVariantGroup section */

/* Begin XCBuildConfiguration section */
		5277875528181B8A004B7F0F /* Debug */ = {
			isa = XCBuildConfiguration;
			buildSettings = {
				ALWAYS_SEARCH_USER_PATHS = NO;
				CLANG_ANALYZER_NONNULL = YES;
				CLANG_ANALYZER_NUMBER_OBJECT_CONVERSION = YES_AGGRESSIVE;
				CLANG_CXX_LANGUAGE_STANDARD = "gnu++17";
				CLANG_CXX_LIBRARY = "libc++";
				CLANG_ENABLE_MODULES = YES;
				CLANG_ENABLE_OBJC_ARC = YES;
				CLANG_ENABLE_OBJC_WEAK = YES;
				CLANG_WARN_BLOCK_CAPTURE_AUTORELEASING = YES;
				CLANG_WARN_BOOL_CONVERSION = YES;
				CLANG_WARN_COMMA = YES;
				CLANG_WARN_CONSTANT_CONVERSION = YES;
				CLANG_WARN_DEPRECATED_OBJC_IMPLEMENTATIONS = YES;
				CLANG_WARN_DIRECT_OBJC_ISA_USAGE = YES_ERROR;
				CLANG_WARN_DOCUMENTATION_COMMENTS = YES;
				CLANG_WARN_EMPTY_BODY = YES;
				CLANG_WARN_ENUM_CONVERSION = YES;
				CLANG_WARN_INFINITE_RECURSION = YES;
				CLANG_WARN_INT_CONVERSION = YES;
				CLANG_WARN_NON_LITERAL_NULL_CONVERSION = YES;
				CLANG_WARN_OBJC_IMPLICIT_RETAIN_SELF = YES;
				CLANG_WARN_OBJC_LITERAL_CONVERSION = YES;
				CLANG_WARN_OBJC_ROOT_CLASS = YES_ERROR;
				CLANG_WARN_QUOTED_INCLUDE_IN_FRAMEWORK_HEADER = YES;
				CLANG_WARN_RANGE_LOOP_ANALYSIS = YES;
				CLANG_WARN_STRICT_PROTOTYPES = YES;
				CLANG_WARN_SUSPICIOUS_MOVE = YES;
				CLANG_WARN_UNGUARDED_AVAILABILITY = YES_AGGRESSIVE;
				CLANG_WARN_UNREACHABLE_CODE = YES;
				CLANG_WARN__DUPLICATE_METHOD_MATCH = YES;
				COPY_PHASE_STRIP = NO;
				DEBUG_INFORMATION_FORMAT = dwarf;
				ENABLE_STRICT_OBJC_MSGSEND = YES;
				ENABLE_TESTABILITY = YES;
				GCC_C_LANGUAGE_STANDARD = gnu11;
				GCC_DYNAMIC_NO_PIC = NO;
				GCC_NO_COMMON_BLOCKS = YES;
				GCC_OPTIMIZATION_LEVEL = 0;
				GCC_PREPROCESSOR_DEFINITIONS = (
					"DEBUG=1",
					"$(inherited)",
				);
				GCC_WARN_64_TO_32_BIT_CONVERSION = YES;
				GCC_WARN_ABOUT_RETURN_TYPE = YES_ERROR;
				GCC_WARN_UNDECLARED_SELECTOR = YES;
				GCC_WARN_UNINITIALIZED_AUTOS = YES_AGGRESSIVE;
				GCC_WARN_UNUSED_FUNCTION = YES;
				GCC_WARN_UNUSED_VARIABLE = YES;
				IPHONEOS_DEPLOYMENT_TARGET = 15.2;
				MTL_ENABLE_DEBUG_INFO = INCLUDE_SOURCE;
				MTL_FAST_MATH = YES;
				ONLY_ACTIVE_ARCH = YES;
				SDKROOT = iphoneos;
				SWIFT_ACTIVE_COMPILATION_CONDITIONS = DEBUG;
				SWIFT_OPTIMIZATION_LEVEL = "-Onone";
			};
			name = Debug;
		};
		5277875628181B8A004B7F0F /* Release */ = {
			isa = XCBuildConfiguration;
			buildSettings = {
				ALWAYS_SEARCH_USER_PATHS = NO;
				CLANG_ANALYZER_NONNULL = YES;
				CLANG_ANALYZER_NUMBER_OBJECT_CONVERSION = YES_AGGRESSIVE;
				CLANG_CXX_LANGUAGE_STANDARD = "gnu++17";
				CLANG_CXX_LIBRARY = "libc++";
				CLANG_ENABLE_MODULES = YES;
				CLANG_ENABLE_OBJC_ARC = YES;
				CLANG_ENABLE_OBJC_WEAK = YES;
				CLANG_WARN_BLOCK_CAPTURE_AUTORELEASING = YES;
				CLANG_WARN_BOOL_CONVERSION = YES;
				CLANG_WARN_COMMA = YES;
				CLANG_WARN_CONSTANT_CONVERSION = YES;
				CLANG_WARN_DEPRECATED_OBJC_IMPLEMENTATIONS = YES;
				CLANG_WARN_DIRECT_OBJC_ISA_USAGE = YES_ERROR;
				CLANG_WARN_DOCUMENTATION_COMMENTS = YES;
				CLANG_WARN_EMPTY_BODY = YES;
				CLANG_WARN_ENUM_CONVERSION = YES;
				CLANG_WARN_INFINITE_RECURSION = YES;
				CLANG_WARN_INT_CONVERSION = YES;
				CLANG_WARN_NON_LITERAL_NULL_CONVERSION = YES;
				CLANG_WARN_OBJC_IMPLICIT_RETAIN_SELF = YES;
				CLANG_WARN_OBJC_LITERAL_CONVERSION = YES;
				CLANG_WARN_OBJC_ROOT_CLASS = YES_ERROR;
				CLANG_WARN_QUOTED_INCLUDE_IN_FRAMEWORK_HEADER = YES;
				CLANG_WARN_RANGE_LOOP_ANALYSIS = YES;
				CLANG_WARN_STRICT_PROTOTYPES = YES;
				CLANG_WARN_SUSPICIOUS_MOVE = YES;
				CLANG_WARN_UNGUARDED_AVAILABILITY = YES_AGGRESSIVE;
				CLANG_WARN_UNREACHABLE_CODE = YES;
				CLANG_WARN__DUPLICATE_METHOD_MATCH = YES;
				COPY_PHASE_STRIP = NO;
				DEBUG_INFORMATION_FORMAT = "dwarf-with-dsym";
				ENABLE_NS_ASSERTIONS = NO;
				ENABLE_STRICT_OBJC_MSGSEND = YES;
				GCC_C_LANGUAGE_STANDARD = gnu11;
				GCC_NO_COMMON_BLOCKS = YES;
				GCC_WARN_64_TO_32_BIT_CONVERSION = YES;
				GCC_WARN_ABOUT_RETURN_TYPE = YES_ERROR;
				GCC_WARN_UNDECLARED_SELECTOR = YES;
				GCC_WARN_UNINITIALIZED_AUTOS = YES_AGGRESSIVE;
				GCC_WARN_UNUSED_FUNCTION = YES;
				GCC_WARN_UNUSED_VARIABLE = YES;
				IPHONEOS_DEPLOYMENT_TARGET = 15.2;
				MTL_ENABLE_DEBUG_INFO = NO;
				MTL_FAST_MATH = YES;
				SDKROOT = iphoneos;
				SWIFT_COMPILATION_MODE = wholemodule;
				SWIFT_OPTIMIZATION_LEVEL = "-O";
				VALIDATE_PRODUCT = YES;
			};
			name = Release;
		};
		5277875828181B8A004B7F0F /* Debug */ = {
			isa = XCBuildConfiguration;
			baseConfigurationReference = 365A04A705B06AABDD5E05EA /* Pods-FlashNews.debug.xcconfig */;
			buildSettings = {
				ASSETCATALOG_COMPILER_APPICON_NAME = AppIcon;
				ASSETCATALOG_COMPILER_GLOBAL_ACCENT_COLOR_NAME = AccentColor;
				CODE_SIGN_STYLE = Automatic;
				CURRENT_PROJECT_VERSION = 1;
				DEVELOPMENT_TEAM = 44J54M2QLS;
				GENERATE_INFOPLIST_FILE = YES;
				INFOPLIST_FILE = FlashNews/Info.plist;
				INFOPLIST_KEY_UIApplicationSupportsIndirectInputEvents = YES;
				INFOPLIST_KEY_UILaunchStoryboardName = LaunchScreen;
				INFOPLIST_KEY_UIMainStoryboardFile = Main;
				INFOPLIST_KEY_UISupportedInterfaceOrientations_iPad = "UIInterfaceOrientationPortrait UIInterfaceOrientationPortraitUpsideDown UIInterfaceOrientationLandscapeLeft UIInterfaceOrientationLandscapeRight";
				INFOPLIST_KEY_UISupportedInterfaceOrientations_iPhone = "UIInterfaceOrientationPortrait UIInterfaceOrientationLandscapeLeft UIInterfaceOrientationLandscapeRight";
				IPHONEOS_DEPLOYMENT_TARGET = 15.2;
				LD_RUNPATH_SEARCH_PATHS = (
					"$(inherited)",
					"@executable_path/Frameworks",
				);
				MARKETING_VERSION = 1.0;
				PRODUCT_BUNDLE_IDENTIFIER = alijafarov.FlashNews;
				PRODUCT_NAME = "$(TARGET_NAME)";
				SWIFT_EMIT_LOC_STRINGS = YES;
				SWIFT_VERSION = 5.0;
				TARGETED_DEVICE_FAMILY = 1;
			};
			name = Debug;
		};
		5277875928181B8A004B7F0F /* Release */ = {
			isa = XCBuildConfiguration;
			baseConfigurationReference = F38067A60B1D80E8D04B8EBF /* Pods-FlashNews.release.xcconfig */;
			buildSettings = {
				ASSETCATALOG_COMPILER_APPICON_NAME = AppIcon;
				ASSETCATALOG_COMPILER_GLOBAL_ACCENT_COLOR_NAME = AccentColor;
				CODE_SIGN_STYLE = Automatic;
				CURRENT_PROJECT_VERSION = 1;
				DEVELOPMENT_TEAM = 44J54M2QLS;
				GENERATE_INFOPLIST_FILE = YES;
				INFOPLIST_FILE = FlashNews/Info.plist;
				INFOPLIST_KEY_UIApplicationSupportsIndirectInputEvents = YES;
				INFOPLIST_KEY_UILaunchStoryboardName = LaunchScreen;
				INFOPLIST_KEY_UIMainStoryboardFile = Main;
				INFOPLIST_KEY_UISupportedInterfaceOrientations_iPad = "UIInterfaceOrientationPortrait UIInterfaceOrientationPortraitUpsideDown UIInterfaceOrientationLandscapeLeft UIInterfaceOrientationLandscapeRight";
				INFOPLIST_KEY_UISupportedInterfaceOrientations_iPhone = "UIInterfaceOrientationPortrait UIInterfaceOrientationLandscapeLeft UIInterfaceOrientationLandscapeRight";
				IPHONEOS_DEPLOYMENT_TARGET = 15.2;
				LD_RUNPATH_SEARCH_PATHS = (
					"$(inherited)",
					"@executable_path/Frameworks",
				);
				MARKETING_VERSION = 1.0;
				PRODUCT_BUNDLE_IDENTIFIER = alijafarov.FlashNews;
				PRODUCT_NAME = "$(TARGET_NAME)";
				SWIFT_EMIT_LOC_STRINGS = YES;
				SWIFT_VERSION = 5.0;
				TARGETED_DEVICE_FAMILY = 1;
			};
			name = Release;
		};
/* End XCBuildConfiguration section */

/* Begin XCConfigurationList section */
		5277873E28181B86004B7F0F /* Build configuration list for PBXProject "FlashNews" */ = {
			isa = XCConfigurationList;
			buildConfigurations = (
				5277875528181B8A004B7F0F /* Debug */,
				5277875628181B8A004B7F0F /* Release */,
			);
			defaultConfigurationIsVisible = 0;
			defaultConfigurationName = Release;
		};
		5277875728181B8A004B7F0F /* Build configuration list for PBXNativeTarget "FlashNews" */ = {
			isa = XCConfigurationList;
			buildConfigurations = (
				5277875828181B8A004B7F0F /* Debug */,
				5277875928181B8A004B7F0F /* Release */,
			);
			defaultConfigurationIsVisible = 0;
			defaultConfigurationName = Release;
		};
/* End XCConfigurationList section */

/* Begin XCVersionGroup section */
		523063CB282A965A00C93C79 /* FlashNewsModel.xcdatamodeld */ = {
			isa = XCVersionGroup;
			children = (
				523063CC282A965A00C93C79 /* FlashNewsModel.xcdatamodel */,
			);
			currentVersion = 523063CC282A965A00C93C79 /* FlashNewsModel.xcdatamodel */;
			path = FlashNewsModel.xcdatamodeld;
			sourceTree = "<group>";
			versionGroupType = wrapper.xcdatamodel;
		};
/* End XCVersionGroup section */
	};
	rootObject = 5277873B28181B86004B7F0F /* Project object */;
}
